
Microsoft Visual Studio Solution File, Format Version 12.00
# Visual Studio Version 17
VisualStudioVersion = 17.14.36429.23 d17.14
MinimumVisualStudioVersion = 10.0.40219.1
Project("{FAE04EC0-301F-11D3-BF4B-00C04F79EFBC}") = "Bai2", "Bai2.csproj", "{9F59385A-9D06-4C7B-8FAE-6767E1CB7FEC}"
EndProject
Global
	GlobalSection(SolutionConfigurationPlatforms) = preSolution
		Debug|Any CPU = Debug|Any CPU
		Release|Any CPU = Release|Any CPU
	EndGlobalSection
	GlobalSection(ProjectConfigurationPlatforms) = postSolution
		{9F59385A-9D06-4C7B-8FAE-6767E1CB7FEC}.Debug|Any CPU.ActiveCfg = Debug|Any CPU
		{9F59385A-9D06-4C7B-8FAE-6767E1CB7FEC}.Debug|Any CPU.Build.0 = Debug|Any CPU
		{9F59385A-9D06-4C7B-8FAE-6767E1CB7FEC}.Release|Any CPU.ActiveCfg = Release|Any CPU
		{9F59385A-9D06-4C7B-8FAE-6767E1CB7FEC}.Release|Any CPU.Build.0 = Release|Any CPU
	EndGlobalSection
	GlobalSection(SolutionProperties) = preSolution
		HideSolutionNode = FALSE
	EndGlobalSection
	GlobalSection(ExtensibilityGlobals) = postSolution
		SolutionGuid = {B60872F1-64D8-4FE5-B47A-46494E21A05D}
	EndGlobalSection
EndGlobal
