
Microsoft Visual Studio Solution File, Format Version 12.00
# Visual Studio Version 17
VisualStudioVersion = 17.14.36429.23 d17.14
MinimumVisualStudioVersion = 10.0.40219.1
Project("{FAE04EC0-301F-11D3-BF4B-00C04F79EFBC}") = "Bai8", "Bai8.csproj", "{2D1DA573-8923-4D66-8536-6B0EE94ED130}"
EndProject
Global
	GlobalSection(SolutionConfigurationPlatforms) = preSolution
		Debug|Any CPU = Debug|Any CPU
		Release|Any CPU = Release|Any CPU
	EndGlobalSection
	GlobalSection(ProjectConfigurationPlatforms) = postSolution
		{2D1DA573-8923-4D66-8536-6B0EE94ED130}.Debug|Any CPU.ActiveCfg = Debug|Any CPU
		{2D1DA573-8923-4D66-8536-6B0EE94ED130}.Debug|Any CPU.Build.0 = Debug|Any CPU
		{2D1DA573-8923-4D66-8536-6B0EE94ED130}.Release|Any CPU.ActiveCfg = Release|Any CPU
		{2D1DA573-8923-4D66-8536-6B0EE94ED130}.Release|Any CPU.Build.0 = Release|Any CPU
	EndGlobalSection
	GlobalSection(SolutionProperties) = preSolution
		HideSolutionNode = FALSE
	EndGlobalSection
	GlobalSection(ExtensibilityGlobals) = postSolution
		SolutionGuid = {4AD20F04-8548-49D8-8830-C63D3987FB0A}
	EndGlobalSection
EndGlobal
